
Microsoft Visual Studio Solution File, Format Version 12.00
# Visual Studio 14
VisualStudioVersion = 14.0.25420.1
MinimumVisualStudioVersion = 10.0.40219.1
Project("{2150E333-8FDC-42A3-9474-1A3956D46DE8}") = "src", "src", "{B4103E6D-4A2B-4C71-8771-BAD02EFCBA01}"
EndProject
Project("{2150E333-8FDC-42A3-9474-1A3956D46DE8}") = "test", "test", "{FFB52BD6-BAF4-4D07-98A9-84028AC5A32C}"
EndProject
Project("{2150E333-8FDC-42A3-9474-1A3956D46DE8}") = "Solution Items", "Solution Items", "{05AEFA47-812B-4829-9D4A-97C9E2FB2D44}"
	ProjectSection(SolutionItems) = preProject
		LICENSE = LICENSE
		README.md = README.md
	EndProjectSection
EndProject
Project("{8BB2217D-0F2D-49D1-97BC-3654ED321F3B}") = "Statistics", "src\Statistics\Statistics.xproj", "{1BEBBDF1-0AC2-4424-B521-64BC32B01E83}"
EndProject
Project("{8BB2217D-0F2D-49D1-97BC-3654ED321F3B}") = "Statistics.Tests", "test\Statistics.Tests\Statistics.Tests.xproj", "{15209D3F-CB14-414A-80EC-88134FE76BCE}"
EndProject
Project("{8BB2217D-0F2D-49D1-97BC-3654ED321F3B}") = "BeyondQueries", "src\BeyondQueries\BeyondQueries.xproj", "{1337A726-71D7-4B50-83A3-7DB59AD00AA2}"
EndProject
Project("{8BB2217D-0F2D-49D1-97BC-3654ED321F3B}") = "BeyondQueries.Tests", "test\BeyondQueries.Tests\BeyondQueries.Tests.xproj", "{2A164863-9EB6-4820-B548-22C7FF84D070}"
EndProject
Project("{8BB2217D-0F2D-49D1-97BC-3654ED321F3B}") = "Functional", "src\Functional\Functional.xproj", "{FF12B106-9865-48F7-B746-418EECE6F360}"
EndProject
Global
	GlobalSection(SolutionConfigurationPlatforms) = preSolution
		Debug|Any CPU = Debug|Any CPU
		Release|Any CPU = Release|Any CPU
	EndGlobalSection
	GlobalSection(ProjectConfigurationPlatforms) = postSolution
		{1BEBBDF1-0AC2-4424-B521-64BC32B01E83}.Debug|Any CPU.ActiveCfg = Debug|Any CPU
		{1BEBBDF1-0AC2-4424-B521-64BC32B01E83}.Debug|Any CPU.Build.0 = Debug|Any CPU
		{1BEBBDF1-0AC2-4424-B521-64BC32B01E83}.Release|Any CPU.ActiveCfg = Release|Any CPU
		{1BEBBDF1-0AC2-4424-B521-64BC32B01E83}.Release|Any CPU.Build.0 = Release|Any CPU
		{15209D3F-CB14-414A-80EC-88134FE76BCE}.Debug|Any CPU.ActiveCfg = Debug|Any CPU
		{15209D3F-CB14-414A-80EC-88134FE76BCE}.Debug|Any CPU.Build.0 = Debug|Any CPU
		{15209D3F-CB14-414A-80EC-88134FE76BCE}.Release|Any CPU.ActiveCfg = Release|Any CPU
		{15209D3F-CB14-414A-80EC-88134FE76BCE}.Release|Any CPU.Build.0 = Release|Any CPU
		{1337A726-71D7-4B50-83A3-7DB59AD00AA2}.Debug|Any CPU.ActiveCfg = Debug|Any CPU
		{1337A726-71D7-4B50-83A3-7DB59AD00AA2}.Debug|Any CPU.Build.0 = Debug|Any CPU
		{1337A726-71D7-4B50-83A3-7DB59AD00AA2}.Release|Any CPU.ActiveCfg = Release|Any CPU
		{1337A726-71D7-4B50-83A3-7DB59AD00AA2}.Release|Any CPU.Build.0 = Release|Any CPU
		{2A164863-9EB6-4820-B548-22C7FF84D070}.Debug|Any CPU.ActiveCfg = Debug|Any CPU
		{2A164863-9EB6-4820-B548-22C7FF84D070}.Debug|Any CPU.Build.0 = Debug|Any CPU
		{2A164863-9EB6-4820-B548-22C7FF84D070}.Release|Any CPU.ActiveCfg = Release|Any CPU
		{2A164863-9EB6-4820-B548-22C7FF84D070}.Release|Any CPU.Build.0 = Release|Any CPU
		{FF12B106-9865-48F7-B746-418EECE6F360}.Debug|Any CPU.ActiveCfg = Debug|Any CPU
		{FF12B106-9865-48F7-B746-418EECE6F360}.Debug|Any CPU.Build.0 = Debug|Any CPU
		{FF12B106-9865-48F7-B746-418EECE6F360}.Release|Any CPU.ActiveCfg = Release|Any CPU
		{FF12B106-9865-48F7-B746-418EECE6F360}.Release|Any CPU.Build.0 = Release|Any CPU
	EndGlobalSection
	GlobalSection(SolutionProperties) = preSolution
		HideSolutionNode = FALSE
	EndGlobalSection
	GlobalSection(NestedProjects) = preSolution
		{1BEBBDF1-0AC2-4424-B521-64BC32B01E83} = {B4103E6D-4A2B-4C71-8771-BAD02EFCBA01}
		{15209D3F-CB14-414A-80EC-88134FE76BCE} = {FFB52BD6-BAF4-4D07-98A9-84028AC5A32C}
		{1337A726-71D7-4B50-83A3-7DB59AD00AA2} = {B4103E6D-4A2B-4C71-8771-BAD02EFCBA01}
		{2A164863-9EB6-4820-B548-22C7FF84D070} = {FFB52BD6-BAF4-4D07-98A9-84028AC5A32C}
		{FF12B106-9865-48F7-B746-418EECE6F360} = {B4103E6D-4A2B-4C71-8771-BAD02EFCBA01}
	EndGlobalSection
EndGlobal
